// !$*UTF8*$!
{
	archiveVersion = 1;
	classes = {
	};
	objectVersion = 55;
	objects = {

/* Begin PBXFileReference section */
		511CB9F42835C3C3001EFC48 /* 05_01_if1.c */ = {isa = PBXFileReference; lastKnownFileType = sourcecode.c.c; path = 05_01_if1.c; sourceTree = "<group>"; };
		511CB9F52835C641001EFC48 /* 05_02_if2.c */ = {isa = PBXFileReference; lastKnownFileType = sourcecode.c.c; path = 05_02_if2.c; sourceTree = "<group>"; };
		511CB9F62835C74E001EFC48 /* 05_03_ifelse1.c */ = {isa = PBXFileReference; lastKnownFileType = sourcecode.c.c; path = 05_03_ifelse1.c; sourceTree = "<group>"; };
		511CB9F72835C820001EFC48 /* 05_04_ifelse2.c */ = {isa = PBXFileReference; lastKnownFileType = sourcecode.c.c; path = 05_04_ifelse2.c; sourceTree = "<group>"; };
		511CB9F82835C965001EFC48 /* 05_05_ifelseif1.c */ = {isa = PBXFileReference; lastKnownFileType = sourcecode.c.c; path = 05_05_ifelseif1.c; sourceTree = "<group>"; };
		511CB9F92835CB0E001EFC48 /* 05_06_compare.c */ = {isa = PBXFileReference; lastKnownFileType = sourcecode.c.c; path = 05_06_compare.c; sourceTree = "<group>"; };
		511CB9FA2835CCAA001EFC48 /* 05_07_ifand.c */ = {isa = PBXFileReference; lastKnownFileType = sourcecode.c.c; path = 05_07_ifand.c; sourceTree = "<group>"; };
		511CB9FB2835CE41001EFC48 /* 05_08_nested.c */ = {isa = PBXFileReference; lastKnownFileType = sourcecode.c.c; path = 05_08_nested.c; sourceTree = "<group>"; };
		511CB9FC2835D022001EFC48 /* 05_issue1_K22126.c */ = {isa = PBXFileReference; lastKnownFileType = sourcecode.c.c; path = 05_issue1_K22126.c; sourceTree = "<group>"; };
		511CB9FD2835D0D9001EFC48 /* 05_09_calcFor.c */ = {isa = PBXFileReference; lastKnownFileType = sourcecode.c.c; path = 05_09_calcFor.c; sourceTree = "<group>"; };
		511CB9FE2835DAFF001EFC48 /* 05_10_hello1000.c */ = {isa = PBXFileReference; lastKnownFileType = sourcecode.c.c; path = 05_10_hello1000.c; sourceTree = "<group>"; };
		511CB9FF2835DD92001EFC48 /* 05_challenge1_K22126.c */ = {isa = PBXFileReference; lastKnownFileType = sourcecode.c.c; path = 05_challenge1_K22126.c; sourceTree = "<group>"; };
		511CBA00283EFCBE001EFC48 /* 06_01_if.c */ = {isa = PBXFileReference; lastKnownFileType = sourcecode.c.c; path = 06_01_if.c; sourceTree = "<group>"; };
		511CBA01283EFE8E001EFC48 /* 06_02_hello10.c */ = {isa = PBXFileReference; lastKnownFileType = sourcecode.c.c; path = 06_02_hello10.c; sourceTree = "<group>"; };
		511CBA02283F005C001EFC48 /* 06_03_loopNum.c */ = {isa = PBXFileReference; lastKnownFileType = sourcecode.c.c; path = 06_03_loopNum.c; sourceTree = "<group>"; };
		511CBA03283F01AF001EFC48 /* 06_04_calcFor.c */ = {isa = PBXFileReference; lastKnownFileType = sourcecode.c.c; path = 06_04_calcFor.c; sourceTree = "<group>"; };
		511CBA04283F0318001EFC48 /* 06_05_scanLoop.c */ = {isa = PBXFileReference; lastKnownFileType = sourcecode.c.c; path = 06_05_scanLoop.c; sourceTree = "<group>"; };
		511CBA05283F0513001EFC48 /* 06_06_even1.c */ = {isa = PBXFileReference; lastKnownFileType = sourcecode.c.c; path = 06_06_even1.c; sourceTree = "<group>"; };
		511CBA06283F0720001EFC48 /* 06_07_odd1.c */ = {isa = PBXFileReference; lastKnownFileType = sourcecode.c.c; path = 06_07_odd1.c; sourceTree = "<group>"; };
		511CBA07283F07D0001EFC48 /* 06_08_even2.c */ = {isa = PBXFileReference; lastKnownFileType = sourcecode.c.c; path = 06_08_even2.c; sourceTree = "<group>"; };
		511CBA08283F0868001EFC48 /* 06_09_qq1.c */ = {isa = PBXFileReference; lastKnownFileType = sourcecode.c.c; path = 06_09_qq1.c; sourceTree = "<group>"; };
		511CBA09283F0972001EFC48 /* 06_10_qq2.c */ = {isa = PBXFileReference; lastKnownFileType = sourcecode.c.c; path = 06_10_qq2.c; sourceTree = "<group>"; };
		511CBA0A283F0CD8001EFC48 /* 06_issue1_k22126.c */ = {isa = PBXFileReference; lastKnownFileType = sourcecode.c.c; path = 06_issue1_k22126.c; sourceTree = "<group>"; };
		511CBA0B283F1005001EFC48 /* 06_challenge1_K22126.c */ = {isa = PBXFileReference; lastKnownFileType = sourcecode.c.c; path = 06_challenge1_K22126.c; sourceTree = "<group>"; };
		5132B8C4282C878700033A73 /* 04_01_scan.c */ = {isa = PBXFileReference; lastKnownFileType = sourcecode.c.c; path = 04_01_scan.c; sourceTree = "<group>"; };
		5132B8C5282C8A4A00033A73 /* 04_02_rectangle.c */ = {isa = PBXFileReference; lastKnownFileType = sourcecode.c.c; path = 04_02_rectangle.c; sourceTree = "<group>"; };
		5132B8C6282C8E1400033A73 /* 04_03_roundoff.c */ = {isa = PBXFileReference; lastKnownFileType = sourcecode.c.c; path = 04_03_roundoff.c; sourceTree = "<group>"; };
		5132B8C7282C90DD00033A73 /* 04_04_convert.c */ = {isa = PBXFileReference; lastKnownFileType = sourcecode.c.c; path = 04_04_convert.c; sourceTree = "<group>"; };
		5132B8C8282C93DD00033A73 /* 04_05_average.c */ = {isa = PBXFileReference; lastKnownFileType = sourcecode.c.c; path = 04_05_average.c; sourceTree = "<group>"; };
		5132B8C9282C985200033A73 /* 04_06_if1.c */ = {isa = PBXFileReference; lastKnownFileType = sourcecode.c.c; path = 04_06_if1.c; sourceTree = "<group>"; };
		5132B8CA282C9E1000033A73 /* 04_issue1_K22126.c */ = {isa = PBXFileReference; lastKnownFileType = sourcecode.c.c; path = 04_issue1_K22126.c; sourceTree = "<group>"; };
		5132B8CB282CA15700033A73 /* 04_issue2_K22126.c */ = {isa = PBXFileReference; lastKnownFileType = sourcecode.c.c; path = 04_issue2_K22126.c; sourceTree = "<group>"; };
		5132B8CC282CA31800033A73 /* 04_challenge1_K22126.c */ = {isa = PBXFileReference; lastKnownFileType = sourcecode.c.c; path = 04_challenge1_K22126.c; sourceTree = "<group>"; };
		5132B8CD282CAC2300033A73 /* 04_challenge2_K22126.c */ = {isa = PBXFileReference; lastKnownFileType = sourcecode.c.c; path = 04_challenge2_K22126.c; sourceTree = "<group>"; };
		517710F42810E1F200074DBB /* 02_03_sharpA.c */ = {isa = PBXFileReference; lastKnownFileType = sourcecode.c.c; path = 02_03_sharpA.c; sourceTree = "<group>"; };
		517710F52810F07200074DBB /* 02_04_lineA.c */ = {isa = PBXFileReference; lastKnownFileType = sourcecode.c.c; path = 02_04_lineA.c; sourceTree = "<group>"; };
		517710F62810F2D800074DBB /* 02_05_add.c */ = {isa = PBXFileReference; lastKnownFileType = sourcecode.c.c; path = 02_05_add.c; sourceTree = "<group>"; };
		517710F72810F3C700074DBB /* 02_06_sub.c */ = {isa = PBXFileReference; lastKnownFileType = sourcecode.c.c; path = 02_06_sub.c; sourceTree = "<group>"; };
		517710F82810F54E00074DBB /* 02_01_helloWorld.c */ = {isa = PBXFileReference; lastKnownFileType = sourcecode.c.c; path = 02_01_helloWorld.c; sourceTree = "<group>"; };
		517710F92810F5AD00074DBB /* 02_02_sharp.c */ = {isa = PBXFileReference; lastKnownFileType = sourcecode.c.c; path = 02_02_sharp.c; sourceTree = "<group>"; };
		517710FA2810F6F700074DBB /* 02_issue2_K22126.c */ = {isa = PBXFileReference; lastKnownFileType = sourcecode.c.c; path = 02_issue2_K22126.c; sourceTree = "<group>"; };
		517AEB89285170FF00A31831 /* 08_01_rectangle.c */ = {isa = PBXFileReference; lastKnownFileType = sourcecode.c.c; path = 08_01_rectangle.c; sourceTree = "<group>"; };
		517AEB8A285173AA00A31831 /* 08_02_whileLoop.c */ = {isa = PBXFileReference; lastKnownFileType = sourcecode.c.c; path = 08_02_whileLoop.c; sourceTree = "<group>"; };
		517AEB8B2851750C00A31831 /* 08_03_hello10.c */ = {isa = PBXFileReference; lastKnownFileType = sourcecode.c.c; path = 08_03_hello10.c; sourceTree = "<group>"; };
		517AEB8C285175DB00A31831 /* 08_04_calcWhile.c */ = {isa = PBXFileReference; lastKnownFileType = sourcecode.c.c; path = 08_04_calcWhile.c; sourceTree = "<group>"; };
		517AEB8D285179FB00A31831 /* 08_05_tillzero.c */ = {isa = PBXFileReference; lastKnownFileType = sourcecode.c.c; path = 08_05_tillzero.c; sourceTree = "<group>"; };
		517AEB8E2852CD2200A31831 /* 08_06_tillzero2.c */ = {isa = PBXFileReference; lastKnownFileType = sourcecode.c.c; path = 08_06_tillzero2.c; sourceTree = "<group>"; };
		517AEB8F2852CEBB00A31831 /* 08_07_tillzero3.c */ = {isa = PBXFileReference; lastKnownFileType = sourcecode.c.c; path = 08_07_tillzero3.c; sourceTree = "<group>"; };
		517AEB902852D16C00A31831 /* 08_issue1_k22126.c */ = {isa = PBXFileReference; lastKnownFileType = sourcecode.c.c; path = 08_issue1_k22126.c; sourceTree = "<group>"; };
		517AEB912852D87000A31831 /* 08_challenge1_k22126.c */ = {isa = PBXFileReference; lastKnownFileType = sourcecode.c.c; path = 08_challenge1_k22126.c; sourceTree = "<group>"; };
		5199D3CC2848371F00475DDF /* 07_01_swap.c */ = {isa = PBXFileReference; lastKnownFileType = sourcecode.c.c; path = 07_01_swap.c; sourceTree = "<group>"; };
		5199D3CD28483BDD00475DDF /* 07_02_swap2.c */ = {isa = PBXFileReference; lastKnownFileType = sourcecode.c.c; path = 07_02_swap2.c; sourceTree = "<group>"; };
		5199D3CE28483E9C00475DDF /* 07_03_swap3.c */ = {isa = PBXFileReference; lastKnownFileType = sourcecode.c.c; path = 07_03_swap3.c; sourceTree = "<group>"; };
		5199D3CF284841AE00475DDF /* 07_04_countup.c */ = {isa = PBXFileReference; lastKnownFileType = sourcecode.c.c; path = 07_04_countup.c; sourceTree = "<group>"; };
		5199D3D0284842DA00475DDF /* 07_05_countdown.c */ = {isa = PBXFileReference; lastKnownFileType = sourcecode.c.c; path = 07_05_countdown.c; sourceTree = "<group>"; };
		5199D3D1284843AC00475DDF /* 07_06_fact.c */ = {isa = PBXFileReference; lastKnownFileType = sourcecode.c.c; path = 07_06_fact.c; sourceTree = "<group>"; };
		5199D3D228484AC100475DDF /* 07_07_biggest.c */ = {isa = PBXFileReference; lastKnownFileType = sourcecode.c.c; path = 07_07_biggest.c; sourceTree = "<group>"; };
		5199D3D328484D0800475DDF /* 07_08_qq3.c */ = {isa = PBXFileReference; lastKnownFileType = sourcecode.c.c; path = 07_08_qq3.c; sourceTree = "<group>"; };
		5199D3D4284852A500475DDF /* 07_09_ways.c */ = {isa = PBXFileReference; lastKnownFileType = sourcecode.c.c; path = 07_09_ways.c; sourceTree = "<group>"; };
		519DB695285AABFD00E0035A /* 09_01_switch1.c */ = {isa = PBXFileReference; lastKnownFileType = sourcecode.c.c; path = 09_01_switch1.c; sourceTree = "<group>"; };
		519DB696285AAEE900E0035A /* 09_02_switch2.c */ = {isa = PBXFileReference; lastKnownFileType = sourcecode.c.c; path = 09_02_switch2.c; sourceTree = "<group>"; };
		519DB697285AAF7000E0035A /* 09_01_if1.c */ = {isa = PBXFileReference; lastKnownFileType = sourcecode.c.c; path = 09_01_if1.c; sourceTree = "<group>"; };
		519DB698285C065700E0035A /* 09_03_switch3.c */ = {isa = PBXFileReference; lastKnownFileType = sourcecode.c.c; path = 09_03_switch3.c; sourceTree = "<group>"; };
		519DB699285C0D9D00E0035A /* 09_04_arraysum.c */ = {isa = PBXFileReference; lastKnownFileType = sourcecode.c.c; path = 09_04_arraysum.c; sourceTree = "<group>"; };
		519DB69A285C150F00E0035A /* 09_05_arrayloop.c */ = {isa = PBXFileReference; lastKnownFileType = sourcecode.c.c; path = 09_05_arrayloop.c; sourceTree = "<group>"; };
		519DB69B285C1A4300E0035A /* 09_06_reverse.c */ = {isa = PBXFileReference; lastKnownFileType = sourcecode.c.c; path = 09_06_reverse.c; sourceTree = "<group>"; };
		519DB69C285C1E8A00E0035A /* 09_issue1_k22126.c */ = {isa = PBXFileReference; lastKnownFileType = sourcecode.c.c; path = 09_issue1_k22126.c; sourceTree = "<group>"; };
		519DB69D285C289900E0035A /* 09_challenge1_k22126.c */ = {isa = PBXFileReference; lastKnownFileType = sourcecode.c.c; path = 09_challenge1_k22126.c; sourceTree = "<group>"; };
		519DB69E285C289900E0035A /* 09_challenge2_k22126.c */ = {isa = PBXFileReference; lastKnownFileType = sourcecode.c.c; path = 09_challenge2_k22126.c; sourceTree = "<group>"; };
		51D3A01D2807B71B00A00A5B /* 01_01_helloWorld.c */ = {isa = PBXFileReference; lastKnownFileType = sourcecode.c.c; path = 01_01_helloWorld.c; sourceTree = "<group>"; };
		51D3A01E2807BDEF00A00A5B /* 01_02_sharp.c */ = {isa = PBXFileReference; lastKnownFileType = sourcecode.c.c; path = 01_02_sharp.c; sourceTree = "<group>"; };
		51D3A01F2807C0F200A00A5B /* 01_issue1_k22126.c */ = {isa = PBXFileReference; lastKnownFileType = sourcecode.c.c; path = 01_issue1_k22126.c; sourceTree = "<group>"; };
		51D3A0202807C3EF00A00A5B /* 01_issue2_k22126.c */ = {isa = PBXFileReference; lastKnownFileType = sourcecode.c.c; path = 01_issue2_k22126.c; sourceTree = "<group>"; };
		51D3A0212807C53800A00A5B /* 01_03_add.c */ = {isa = PBXFileReference; lastKnownFileType = sourcecode.c.c; path = 01_03_add.c; sourceTree = "<group>"; };
		51D3A0222807C5E300A00A5B /* 01_04_sub.c */ = {isa = PBXFileReference; lastKnownFileType = sourcecode.c.c; path = 01_04_sub.c; sourceTree = "<group>"; };
		51F1A8E4281A14F3008B038C /* 03_01_add.c */ = {isa = PBXFileReference; lastKnownFileType = sourcecode.c.c; path = 03_01_add.c; sourceTree = "<group>"; };
		51F1A8E5281A183B008B038C /* 03_02_sub.c */ = {isa = PBXFileReference; lastKnownFileType = sourcecode.c.c; path = 03_02_sub.c; sourceTree = "<group>"; };
		51F1A8E6281A193F008B038C /* 03_03_calc.c */ = {isa = PBXFileReference; lastKnownFileType = sourcecode.c.c; path = 03_03_calc.c; sourceTree = "<group>"; };
		51F1A8E7281A1A0E008B038C /* 03_04_scan.c */ = {isa = PBXFileReference; lastKnownFileType = sourcecode.c.c; path = 03_04_scan.c; sourceTree = "<group>"; };
		51F1A8E8281A1DCF008B038C /* 03_05_scan2.c */ = {isa = PBXFileReference; lastKnownFileType = sourcecode.c.c; path = 03_05_scan2.c; sourceTree = "<group>"; };
		51F1A8E9281A201A008B038C /* 03_issue1_k22126.c */ = {isa = PBXFileReference; lastKnownFileType = sourcecode.c.c; path = 03_issue1_k22126.c; sourceTree = "<group>"; };
		51F1A8EA281A2180008B038C /* 03_issue2_k22126.c */ = {isa = PBXFileReference; lastKnownFileType = sourcecode.c.c; path = 03_issue2_k22126.c; sourceTree = "<group>"; };
		51F1A8EB281A23D7008B038C /* 03_06_scancalc.c */ = {isa = PBXFileReference; lastKnownFileType = sourcecode.c.c; path = 03_06_scancalc.c; sourceTree = "<group>"; };
		51F1A8EC281A276B008B038C /* 03_07_rectangle.c */ = {isa = PBXFileReference; lastKnownFileType = sourcecode.c.c; path = 03_07_rectangle.c; sourceTree = "<group>"; };
		51F1A8ED281A2B02008B038C /* 03_08_remainder.c */ = {isa = PBXFileReference; lastKnownFileType = sourcecode.c.c; path = 03_08_remainder.c; sourceTree = "<group>"; };
		51F1A8EE281A2C22008B038C /* 03_09_xxx.c */ = {isa = PBXFileReference; lastKnownFileType = sourcecode.c.c; path = 03_09_xxx.c; sourceTree = "<group>"; };
		51F1A8EF281A2FB1008B038C /* 03_10_vector.c */ = {isa = PBXFileReference; lastKnownFileType = sourcecode.c.c; path = 03_10_vector.c; sourceTree = "<group>"; };
/* End PBXFileReference section */

/* Begin PBXGroup section */
		51D3A0162807B59700A00A5B = {
			isa = PBXGroup;
			children = (
				511CBA00283EFCBE001EFC48 /* 06_01_if.c */,
				511CBA01283EFE8E001EFC48 /* 06_02_hello10.c */,
				511CBA02283F005C001EFC48 /* 06_03_loopNum.c */,
				511CBA03283F01AF001EFC48 /* 06_04_calcFor.c */,
				511CBA04283F0318001EFC48 /* 06_05_scanLoop.c */,
				511CBA05283F0513001EFC48 /* 06_06_even1.c */,
				511CBA06283F0720001EFC48 /* 06_07_odd1.c */,
				511CBA07283F07D0001EFC48 /* 06_08_even2.c */,
				511CBA08283F0868001EFC48 /* 06_09_qq1.c */,
				511CBA09283F0972001EFC48 /* 06_10_qq2.c */,
				511CBA0A283F0CD8001EFC48 /* 06_issue1_k22126.c */,
				511CBA0B283F1005001EFC48 /* 06_challenge1_K22126.c */,
				5199D3CC2848371F00475DDF /* 07_01_swap.c */,
				5199D3CD28483BDD00475DDF /* 07_02_swap2.c */,
				5199D3CE28483E9C00475DDF /* 07_03_swap3.c */,
				5199D3CF284841AE00475DDF /* 07_04_countup.c */,
				5199D3D0284842DA00475DDF /* 07_05_countdown.c */,
				5199D3D1284843AC00475DDF /* 07_06_fact.c */,
				5199D3D228484AC100475DDF /* 07_07_biggest.c */,
				5199D3D328484D0800475DDF /* 07_08_qq3.c */,
				5199D3D4284852A500475DDF /* 07_09_ways.c */,
				517AEB89285170FF00A31831 /* 08_01_rectangle.c */,
				517AEB8A285173AA00A31831 /* 08_02_whileLoop.c */,
				517AEB8B2851750C00A31831 /* 08_03_hello10.c */,
				517AEB8C285175DB00A31831 /* 08_04_calcWhile.c */,
				517AEB8D285179FB00A31831 /* 08_05_tillzero.c */,
				517AEB8E2852CD2200A31831 /* 08_06_tillzero2.c */,
				517AEB8F2852CEBB00A31831 /* 08_07_tillzero3.c */,
				517AEB902852D16C00A31831 /* 08_issue1_k22126.c */,
				517AEB912852D87000A31831 /* 08_challenge1_k22126.c */,
				519DB695285AABFD00E0035A /* 09_01_switch1.c */,
				519DB697285AAF7000E0035A /* 09_01_if1.c */,
				519DB696285AAEE900E0035A /* 09_02_switch2.c */,
				519DB698285C065700E0035A /* 09_03_switch3.c */,
				519DB699285C0D9D00E0035A /* 09_04_arraysum.c */,
				519DB69A285C150F00E0035A /* 09_05_arrayloop.c */,
				519DB69B285C1A4300E0035A /* 09_06_reverse.c */,
				519DB69C285C1E8A00E0035A /* 09_issue1_k22126.c */,
				519DB69D285C289900E0035A /* 09_challenge1_k22126.c */,
				519DB69E285C289900E0035A /* 09_challenge2_k22126.c */,
				511CB9F42835C3C3001EFC48 /* 05_01_if1.c */,
				511CB9F52835C641001EFC48 /* 05_02_if2.c */,
				511CB9F62835C74E001EFC48 /* 05_03_ifelse1.c */,
				511CB9F72835C820001EFC48 /* 05_04_ifelse2.c */,
				511CB9F82835C965001EFC48 /* 05_05_ifelseif1.c */,
				511CB9F92835CB0E001EFC48 /* 05_06_compare.c */,
				511CB9FA2835CCAA001EFC48 /* 05_07_ifand.c */,
				511CB9FB2835CE41001EFC48 /* 05_08_nested.c */,
				511CB9FD2835D0D9001EFC48 /* 05_09_calcFor.c */,
				511CB9FE2835DAFF001EFC48 /* 05_10_hello1000.c */,
				511CB9FC2835D022001EFC48 /* 05_issue1_K22126.c */,
				511CB9FF2835DD92001EFC48 /* 05_challenge1_K22126.c */,
				51F1A8E4281A14F3008B038C /* 03_01_add.c */,
				5132B8C4282C878700033A73 /* 04_01_scan.c */,
				5132B8C5282C8A4A00033A73 /* 04_02_rectangle.c */,
				5132B8C6282C8E1400033A73 /* 04_03_roundoff.c */,
				5132B8C7282C90DD00033A73 /* 04_04_convert.c */,
				5132B8C8282C93DD00033A73 /* 04_05_average.c */,
				5132B8C9282C985200033A73 /* 04_06_if1.c */,
				5132B8CA282C9E1000033A73 /* 04_issue1_K22126.c */,
				5132B8CB282CA15700033A73 /* 04_issue2_K22126.c */,
				5132B8CC282CA31800033A73 /* 04_challenge1_K22126.c */,
				5132B8CD282CAC2300033A73 /* 04_challenge2_K22126.c */,
				51F1A8E5281A183B008B038C /* 03_02_sub.c */,
				51F1A8E6281A193F008B038C /* 03_03_calc.c */,
				51F1A8E7281A1A0E008B038C /* 03_04_scan.c */,
				51F1A8E8281A1DCF008B038C /* 03_05_scan2.c */,
				51F1A8E9281A201A008B038C /* 03_issue1_k22126.c */,
				51F1A8EA281A2180008B038C /* 03_issue2_k22126.c */,
				51F1A8EB281A23D7008B038C /* 03_06_scancalc.c */,
				51F1A8EC281A276B008B038C /* 03_07_rectangle.c */,
				51F1A8ED281A2B02008B038C /* 03_08_remainder.c */,
				51F1A8EE281A2C22008B038C /* 03_09_xxx.c */,
				51F1A8EF281A2FB1008B038C /* 03_10_vector.c */,
				517710F82810F54E00074DBB /* 02_01_helloWorld.c */,
				517710F92810F5AD00074DBB /* 02_02_sharp.c */,
				517710F42810E1F200074DBB /* 02_03_sharpA.c */,
				517710F52810F07200074DBB /* 02_04_lineA.c */,
				517710F62810F2D800074DBB /* 02_05_add.c */,
				517710F72810F3C700074DBB /* 02_06_sub.c */,
				517710FA2810F6F700074DBB /* 02_issue2_K22126.c */,
				51D3A01D2807B71B00A00A5B /* 01_01_helloWorld.c */,
				51D3A01E2807BDEF00A00A5B /* 01_02_sharp.c */,
				51D3A01F2807C0F200A00A5B /* 01_issue1_k22126.c */,
				51D3A0202807C3EF00A00A5B /* 01_issue2_k22126.c */,
				51D3A0212807C53800A00A5B /* 01_03_add.c */,
				51D3A0222807C5E300A00A5B /* 01_04_sub.c */,
			);
			sourceTree = "<group>";
		};
/* End PBXGroup section */

/* Begin PBXProject section */
		51D3A0172807B59700A00A5B /* Project object */ = {
			isa = PBXProject;
			attributes = {
				BuildIndependentTargetsInParallel = 1;
				LastUpgradeCheck = 1330;
			};
			buildConfigurationList = 51D3A01A2807B59700A00A5B /* Build configuration list for PBXProject "prg1" */;
			compatibilityVersion = "Xcode 13.0";
			developmentRegion = en;
			hasScannedForEncodings = 0;
			knownRegions = (
				en,
				Base,
			);
			mainGroup = 51D3A0162807B59700A00A5B;
			projectDirPath = "";
			projectRoot = "";
			targets = (
			);
		};
/* End PBXProject section */

/* Begin XCBuildConfiguration section */
		51D3A01B2807B59700A00A5B /* Debug */ = {
			isa = XCBuildConfiguration;
			buildSettings = {
			};
			name = Debug;
		};
		51D3A01C2807B59700A00A5B /* Release */ = {
			isa = XCBuildConfiguration;
			buildSettings = {
			};
			name = Release;
		};
/* End XCBuildConfiguration section */

/* Begin XCConfigurationList section */
		51D3A01A2807B59700A00A5B /* Build configuration list for PBXProject "prg1" */ = {
			isa = XCConfigurationList;
			buildConfigurations = (
				51D3A01B2807B59700A00A5B /* Debug */,
				51D3A01C2807B59700A00A5B /* Release */,
			);
			defaultConfigurationIsVisible = 0;
			defaultConfigurationName = Release;
		};
/* End XCConfigurationList section */
	};
	rootObject = 51D3A0172807B59700A00A5B /* Project object */;
}
